
Microsoft Visual Studio Solution File, Format Version 12.00
# Visual Studio Version 16
VisualStudioVersion = 16.0.32602.291
MinimumVisualStudioVersion = 10.0.40219.1
Project("{FAE04EC0-301F-11D3-BF4B-00C04F79EFBC}") = "MP3Sharp", "MP3Sharp\MP3Sharp.csproj", "{2EC83913-03F4-4D27-83AB-156C86F6B0F5}"
EndProject
Global
	GlobalSection(SolutionConfigurationPlatforms) = preSolution
		Debug|Any CPU = Debug|Any CPU
		Release|Any CPU = Release|Any CPU
	EndGlobalSection
	GlobalSection(ProjectConfigurationPlatforms) = postSolution
		{2EC83913-03F4-4D27-83AB-156C86F6B0F5}.Debug|Any CPU.ActiveCfg = Debug|Any CPU
		{2EC83913-03F4-4D27-83AB-156C86F6B0F5}.Debug|Any CPU.Build.0 = Debug|Any CPU
		{2EC83913-03F4-4D27-83AB-156C86F6B0F5}.Release|Any CPU.ActiveCfg = Release|Any CPU
		{2EC83913-03F4-4D27-83AB-156C86F6B0F5}.Release|Any CPU.Build.0 = Release|Any CPU
	EndGlobalSection
	GlobalSection(SolutionProperties) = preSolution
		HideSolutionNode = FALSE
	EndGlobalSection
	GlobalSection(ExtensibilityGlobals) = postSolution
		SolutionGuid = {68682140-D125-4B89-B3C7-97E0246775BB}
	EndGlobalSection
EndGlobal
